// !$*UTF8*$!
{
	archiveVersion = 1;
	classes = {
	};
	objectVersion = 46;
	objects = {

/* Begin PBXBuildFile section */
		F80ADCA517544F52000B523A /* ECSettingView.m in Sources */ = {isa = PBXBuildFile; fileRef = F80ADCA417544F52000B523A /* ECSettingView.m */; };
		F80ADCA71754953F000B523A /* into_icon.png in Resources */ = {isa = PBXBuildFile; fileRef = F80ADCA61754953F000B523A /* into_icon.png */; };
		F80ADCA917549D6D000B523A /* uutalk.png in Resources */ = {isa = PBXBuildFile; fileRef = F80ADCA817549D6D000B523A /* uutalk.png */; };
		F80ADCAB17549D73000B523A /* uutalk@2x.png in Resources */ = {isa = PBXBuildFile; fileRef = F80ADCAA17549D73000B523A /* uutalk@2x.png */; };
		F80ADCBA17549E0A000B523A /* changepsw.png in Resources */ = {isa = PBXBuildFile; fileRef = F80ADCAD17549E0A000B523A /* changepsw.png */; };
		F80ADCBB17549E0A000B523A /* charge.png in Resources */ = {isa = PBXBuildFile; fileRef = F80ADCAE17549E0A000B523A /* charge.png */; };
		F80ADCBC17549E0A000B523A /* getpsw.png in Resources */ = {isa = PBXBuildFile; fileRef = F80ADCAF17549E0A000B523A /* getpsw.png */; };
		F80ADCBD17549E0A000B523A /* menuexit.png in Resources */ = {isa = PBXBuildFile; fileRef = F80ADCB017549E0A000B523A /* menuexit.png */; };
		F80ADCBE17549E0A000B523A /* money.png in Resources */ = {isa = PBXBuildFile; fileRef = F80ADCB117549E0A000B523A /* money.png */; };
		F80ADCBF17549E0A000B523A /* search_remainmoney.png in Resources */ = {isa = PBXBuildFile; fileRef = F80ADCB217549E0A000B523A /* search_remainmoney.png */; };
		F80ADCC017549E0A000B523A /* setauthnumber.png in Resources */ = {isa = PBXBuildFile; fileRef = F80ADCB317549E0A000B523A /* setauthnumber.png */; };
		F80ADCC117549E0A000B523A /* setting_countrycode.png in Resources */ = {isa = PBXBuildFile; fileRef = F80ADCB417549E0A000B523A /* setting_countrycode.png */; };
		F80ADCC217549E0A000B523A /* setting_dial.png in Resources */ = {isa = PBXBuildFile; fileRef = F80ADCB517549E0A000B523A /* setting_dial.png */; };
		F80ADCC317549E0A000B523A /* setting_setup.png in Resources */ = {isa = PBXBuildFile; fileRef = F80ADCB617549E0A000B523A /* setting_setup.png */; };
		F80ADCC417549E0A000B523A /* suite.png in Resources */ = {isa = PBXBuildFile; fileRef = F80ADCB717549E0A000B523A /* suite.png */; };
		F80ADCC617549E0A000B523A /* zifeichaxun.png in Resources */ = {isa = PBXBuildFile; fileRef = F80ADCB917549E0A000B523A /* zifeichaxun.png */; };
		F811A65E1755D8A600FCDC0C /* ECMoneyGainView.m in Sources */ = {isa = PBXBuildFile; fileRef = F811A65D1755D8A600FCDC0C /* ECMoneyGainView.m */; };
		F811A6611755D8BE00FCDC0C /* ECMoneyGainViewController.m in Sources */ = {isa = PBXBuildFile; fileRef = F811A6601755D8BE00FCDC0C /* ECMoneyGainViewController.m */; };
		F81297D4174F6CB1002487A2 /* CountryCodeManager.m in Sources */ = {isa = PBXBuildFile; fileRef = F81297D3174F6CB1002487A2 /* CountryCodeManager.m */; };
		F81B5BB71749F69F00279D32 /* UIKit.framework in Frameworks */ = {isa = PBXBuildFile; fileRef = F81B5BB61749F69F00279D32 /* UIKit.framework */; };
		F81B5BB91749F69F00279D32 /* Foundation.framework in Frameworks */ = {isa = PBXBuildFile; fileRef = F81B5BB81749F69F00279D32 /* Foundation.framework */; };
		F81B5BBB1749F69F00279D32 /* CoreGraphics.framework in Frameworks */ = {isa = PBXBuildFile; fileRef = F81B5BBA1749F69F00279D32 /* CoreGraphics.framework */; };
		F81B5BC11749F69F00279D32 /* InfoPlist.strings in Resources */ = {isa = PBXBuildFile; fileRef = F81B5BBF1749F69F00279D32 /* InfoPlist.strings */; };
		F81B5BC31749F69F00279D32 /* main.m in Sources */ = {isa = PBXBuildFile; fileRef = F81B5BC21749F69F00279D32 /* main.m */; };
		F81B5BC71749F69F00279D32 /* ECAppDelegate.m in Sources */ = {isa = PBXBuildFile; fileRef = F81B5BC61749F69F00279D32 /* ECAppDelegate.m */; };
		F81B5BC91749F69F00279D32 /* Default.png in Resources */ = {isa = PBXBuildFile; fileRef = F81B5BC81749F69F00279D32 /* Default.png */; };
		F81B5BCB1749F69F00279D32 /* Default@2x.png in Resources */ = {isa = PBXBuildFile; fileRef = F81B5BCA1749F69F00279D32 /* Default@2x.png */; };
		F81B5BCD1749F69F00279D32 /* Default-568h@2x.png in Resources */ = {isa = PBXBuildFile; fileRef = F81B5BCC1749F69F00279D32 /* Default-568h@2x.png */; };
		F81B5BD51749F6CD00279D32 /* Localizable.strings in Resources */ = {isa = PBXBuildFile; fileRef = F81B5BD71749F6CD00279D32 /* Localizable.strings */; };
		F84CA24D174A081F000E368D /* CommonToolkitBundle.bundle in Resources */ = {isa = PBXBuildFile; fileRef = F84CA24B174A081F000E368D /* CommonToolkitBundle.bundle */; };
		F84CA24E174A081F000E368D /* Pinyin4jBundle.bundle in Resources */ = {isa = PBXBuildFile; fileRef = F84CA24C174A081F000E368D /* Pinyin4jBundle.bundle */; };
		F84CA252174A0C04000E368D /* ECBaseUIView.m in Sources */ = {isa = PBXBuildFile; fileRef = F84CA251174A0C04000E368D /* ECBaseUIView.m */; };
		F8778160174CB9CA00B9909D /* UserBean+UUTalk.m in Sources */ = {isa = PBXBuildFile; fileRef = F877815F174CB9CA00B9909D /* UserBean+UUTalk.m */; };
		F87AC84D174B50A400CA8A2B /* ECLoginViewController.m in Sources */ = {isa = PBXBuildFile; fileRef = F87AC84C174B50A400CA8A2B /* ECLoginViewController.m */; };
		F87AC850174B50E200CA8A2B /* ECLoginView.m in Sources */ = {isa = PBXBuildFile; fileRef = F87AC84F174B50E200CA8A2B /* ECLoginView.m */; };
		F87AC85A174B5E7B00CA8A2B /* CommonToolkit.framework in Frameworks */ = {isa = PBXBuildFile; fileRef = F87AC859174B5E7B00CA8A2B /* CommonToolkit.framework */; };
		F87AC85C174B640F00CA8A2B /* AddressBook.framework in Frameworks */ = {isa = PBXBuildFile; fileRef = F87AC85B174B640F00CA8A2B /* AddressBook.framework */; };
		F87AC85E174B642A00CA8A2B /* CFNetwork.framework in Frameworks */ = {isa = PBXBuildFile; fileRef = F87AC85D174B642A00CA8A2B /* CFNetwork.framework */; };
		F87AC860174B645A00CA8A2B /* QuartzCore.framework in Frameworks */ = {isa = PBXBuildFile; fileRef = F87AC85F174B645A00CA8A2B /* QuartzCore.framework */; };
		F87AC862174B646A00CA8A2B /* CoreText.framework in Frameworks */ = {isa = PBXBuildFile; fileRef = F87AC861174B646A00CA8A2B /* CoreText.framework */; };
		F87AC864174B647A00CA8A2B /* CoreTelephony.framework in Frameworks */ = {isa = PBXBuildFile; fileRef = F87AC863174B647A00CA8A2B /* CoreTelephony.framework */; };
		F87AC868174B649E00CA8A2B /* SystemConfiguration.framework in Frameworks */ = {isa = PBXBuildFile; fileRef = F87AC867174B649E00CA8A2B /* SystemConfiguration.framework */; };
		F87AC86A174B64B900CA8A2B /* MobileCoreServices.framework in Frameworks */ = {isa = PBXBuildFile; fileRef = F87AC869174B64B900CA8A2B /* MobileCoreServices.framework */; };
		F87AC86C174B64C900CA8A2B /* libbz2.1.0.dylib in Frameworks */ = {isa = PBXBuildFile; fileRef = F87AC86B174B64C900CA8A2B /* libbz2.1.0.dylib */; };
		F87AC86E174B64DA00CA8A2B /* libz.1.2.5.dylib in Frameworks */ = {isa = PBXBuildFile; fileRef = F87AC86D174B64DA00CA8A2B /* libz.1.2.5.dylib */; };
		F87AC871174B650600CA8A2B /* libicucore.dylib in Frameworks */ = {isa = PBXBuildFile; fileRef = F87AC86F174B64F000CA8A2B /* libicucore.dylib */; };
		F87AC875174B69FD00CA8A2B /* bg.png in Resources */ = {isa = PBXBuildFile; fileRef = F87AC872174B69FD00CA8A2B /* bg.png */; };
		F87AC876174B69FD00CA8A2B /* bg-568h@2x.png in Resources */ = {isa = PBXBuildFile; fileRef = F87AC873174B69FD00CA8A2B /* bg-568h@2x.png */; };
		F87AC877174B69FD00CA8A2B /* bg@2x.png in Resources */ = {isa = PBXBuildFile; fileRef = F87AC874174B69FD00CA8A2B /* bg@2x.png */; };
		F8C973C5174C75450066F37E /* btn_green.png in Resources */ = {isa = PBXBuildFile; fileRef = F8C973C4174C75450066F37E /* btn_green.png */; };
		F8C973C9174CA5EA0066F37E /* lock.png in Resources */ = {isa = PBXBuildFile; fileRef = F8C973C8174CA5EA0066F37E /* lock.png */; };
		F8DCB9E417530E4A00DF8C78 /* btn_dark_green.png in Resources */ = {isa = PBXBuildFile; fileRef = F8DCB9E317530E4A00DF8C78 /* btn_dark_green.png */; };
		F8F656CF174DF73200803E4E /* ECMainTabController.m in Sources */ = {isa = PBXBuildFile; fileRef = F8F656CE174DF73200803E4E /* ECMainTabController.m */; };
		F8F656D4174DF7ED00803E4E /* ECSettingViewController.m in Sources */ = {isa = PBXBuildFile; fileRef = F8F656D3174DF7ED00803E4E /* ECSettingViewController.m */; };
		F8F656D7174DFB4900803E4E /* tab_more@2x.png in Resources */ = {isa = PBXBuildFile; fileRef = F8F656D6174DFB4900803E4E /* tab_more@2x.png */; };
		F8F656D9174DFE1000803E4E /* tab_more.png in Resources */ = {isa = PBXBuildFile; fileRef = F8F656D8174DFE1000803E4E /* tab_more.png */; };
		F8F656DD174DFF3100803E4E /* ECDialContentViewController.m in Sources */ = {isa = PBXBuildFile; fileRef = F8F656DC174DFF3100803E4E /* ECDialContentViewController.m */; };
		F8F656E0174E035D00803E4E /* tab_dial.png in Resources */ = {isa = PBXBuildFile; fileRef = F8F656DE174E035C00803E4E /* tab_dial.png */; };
		F8F656E1174E035D00803E4E /* tab_dial@2x.png in Resources */ = {isa = PBXBuildFile; fileRef = F8F656DF174E035D00803E4E /* tab_dial@2x.png */; };
		F8F656E5174E08AB00803E4E /* ECRegisterViewController.m in Sources */ = {isa = PBXBuildFile; fileRef = F8F656E4174E08AB00803E4E /* ECRegisterViewController.m */; };
		F8F656E8174E08C500803E4E /* ECRegisterView.m in Sources */ = {isa = PBXBuildFile; fileRef = F8F656E7174E08C500803E4E /* ECRegisterView.m */; };
/* End PBXBuildFile section */

/* Begin PBXFileReference section */
		F80ADCA317544F52000B523A /* ECSettingView.h */ = {isa = PBXFileReference; fileEncoding = 4; lastKnownFileType = sourcecode.c.h; name = ECSettingView.h; path = AppViews/Settings/ECSettingView.h; sourceTree = "<group>"; };
		F80ADCA417544F52000B523A /* ECSettingView.m */ = {isa = PBXFileReference; fileEncoding = 4; lastKnownFileType = sourcecode.c.objc; name = ECSettingView.m; path = AppViews/Settings/ECSettingView.m; sourceTree = "<group>"; };
		F80ADCA61754953F000B523A /* into_icon.png */ = {isa = PBXFileReference; lastKnownFileType = image.png; name = into_icon.png; path = common/into_icon.png; sourceTree = "<group>"; };
		F80ADCA817549D6D000B523A /* uutalk.png */ = {isa = PBXFileReference; lastKnownFileType = image.png; name = uutalk.png; path = ../../uutalk.png; sourceTree = "<group>"; };
		F80ADCAA17549D73000B523A /* uutalk@2x.png */ = {isa = PBXFileReference; lastKnownFileType = image.png; name = "uutalk@2x.png"; path = "../../uutalk@2x.png"; sourceTree = "<group>"; };
		F80ADCAD17549E0A000B523A /* changepsw.png */ = {isa = PBXFileReference; lastKnownFileType = image.png; name = changepsw.png; path = setting/changepsw.png; sourceTree = "<group>"; };
		F80ADCAE17549E0A000B523A /* charge.png */ = {isa = PBXFileReference; lastKnownFileType = image.png; name = charge.png; path = setting/charge.png; sourceTree = "<group>"; };
		F80ADCAF17549E0A000B523A /* getpsw.png */ = {isa = PBXFileReference; lastKnownFileType = image.png; name = getpsw.png; path = setting/getpsw.png; sourceTree = "<group>"; };
		F80ADCB017549E0A000B523A /* menuexit.png */ = {isa = PBXFileReference; lastKnownFileType = image.png; name = menuexit.png; path = setting/menuexit.png; sourceTree = "<group>"; };
		F80ADCB117549E0A000B523A /* money.png */ = {isa = PBXFileReference; lastKnownFileType = image.png; name = money.png; path = setting/money.png; sourceTree = "<group>"; };
		F80ADCB217549E0A000B523A /* search_remainmoney.png */ = {isa = PBXFileReference; lastKnownFileType = image.png; name = search_remainmoney.png; path = setting/search_remainmoney.png; sourceTree = "<group>"; };
		F80ADCB317549E0A000B523A /* setauthnumber.png */ = {isa = PBXFileReference; lastKnownFileType = image.png; name = setauthnumber.png; path = setting/setauthnumber.png; sourceTree = "<group>"; };
		F80ADCB417549E0A000B523A /* setting_countrycode.png */ = {isa = PBXFileReference; lastKnownFileType = image.png; name = setting_countrycode.png; path = setting/setting_countrycode.png; sourceTree = "<group>"; };
		F80ADCB517549E0A000B523A /* setting_dial.png */ = {isa = PBXFileReference; lastKnownFileType = image.png; name = setting_dial.png; path = setting/setting_dial.png; sourceTree = "<group>"; };
		F80ADCB617549E0A000B523A /* setting_setup.png */ = {isa = PBXFileReference; lastKnownFileType = image.png; name = setting_setup.png; path = setting/setting_setup.png; sourceTree = "<group>"; };
		F80ADCB717549E0A000B523A /* suite.png */ = {isa = PBXFileReference; lastKnownFileType = image.png; name = suite.png; path = setting/suite.png; sourceTree = "<group>"; };
		F80ADCB917549E0A000B523A /* zifeichaxun.png */ = {isa = PBXFileReference; lastKnownFileType = image.png; name = zifeichaxun.png; path = setting/zifeichaxun.png; sourceTree = "<group>"; };
		F811A65C1755D8A600FCDC0C /* ECMoneyGainView.h */ = {isa = PBXFileReference; fileEncoding = 4; lastKnownFileType = sourcecode.c.h; name = ECMoneyGainView.h; path = AppViews/Settings/MoneyGain/ECMoneyGainView.h; sourceTree = "<group>"; };
		F811A65D1755D8A600FCDC0C /* ECMoneyGainView.m */ = {isa = PBXFileReference; fileEncoding = 4; lastKnownFileType = sourcecode.c.objc; name = ECMoneyGainView.m; path = AppViews/Settings/MoneyGain/ECMoneyGainView.m; sourceTree = "<group>"; };
		F811A65F1755D8BE00FCDC0C /* ECMoneyGainViewController.h */ = {isa = PBXFileReference; fileEncoding = 4; lastKnownFileType = sourcecode.c.h; name = ECMoneyGainViewController.h; path = AppViews/Settings/MoneyGain/ECMoneyGainViewController.h; sourceTree = "<group>"; };
		F811A6601755D8BE00FCDC0C /* ECMoneyGainViewController.m */ = {isa = PBXFileReference; fileEncoding = 4; lastKnownFileType = sourcecode.c.objc; name = ECMoneyGainViewController.m; path = AppViews/Settings/MoneyGain/ECMoneyGainViewController.m; sourceTree = "<group>"; };
		F81297D2174F6CB1002487A2 /* CountryCodeManager.h */ = {isa = PBXFileReference; fileEncoding = 4; lastKnownFileType = sourcecode.c.h; name = CountryCodeManager.h; path = Util/CountryCodeManager.h; sourceTree = "<group>"; };
		F81297D3174F6CB1002487A2 /* CountryCodeManager.m */ = {isa = PBXFileReference; fileEncoding = 4; lastKnownFileType = sourcecode.c.objc; name = CountryCodeManager.m; path = Util/CountryCodeManager.m; sourceTree = "<group>"; };
		F81B5BB21749F69F00279D32 /* uutalk_iphone.app */ = {isa = PBXFileReference; explicitFileType = wrapper.application; includeInIndex = 0; path = uutalk_iphone.app; sourceTree = BUILT_PRODUCTS_DIR; };
		F81B5BB61749F69F00279D32 /* UIKit.framework */ = {isa = PBXFileReference; lastKnownFileType = wrapper.framework; name = UIKit.framework; path = System/Library/Frameworks/UIKit.framework; sourceTree = SDKROOT; };
		F81B5BB81749F69F00279D32 /* Foundation.framework */ = {isa = PBXFileReference; lastKnownFileType = wrapper.framework; name = Foundation.framework; path = System/Library/Frameworks/Foundation.framework; sourceTree = SDKROOT; };
		F81B5BBA1749F69F00279D32 /* CoreGraphics.framework */ = {isa = PBXFileReference; lastKnownFileType = wrapper.framework; name = CoreGraphics.framework; path = System/Library/Frameworks/CoreGraphics.framework; sourceTree = SDKROOT; };
		F81B5BBE1749F69F00279D32 /* uutalk_iphone-Info.plist */ = {isa = PBXFileReference; lastKnownFileType = text.plist.xml; path = "uutalk_iphone-Info.plist"; sourceTree = "<group>"; };
		F81B5BC21749F69F00279D32 /* main.m */ = {isa = PBXFileReference; lastKnownFileType = sourcecode.c.objc; path = main.m; sourceTree = "<group>"; };
		F81B5BC41749F69F00279D32 /* uutalk_iphone-Prefix.pch */ = {isa = PBXFileReference; lastKnownFileType = sourcecode.c.h; path = "uutalk_iphone-Prefix.pch"; sourceTree = "<group>"; };
		F81B5BC51749F69F00279D32 /* ECAppDelegate.h */ = {isa = PBXFileReference; lastKnownFileType = sourcecode.c.h; path = ECAppDelegate.h; sourceTree = "<group>"; };
		F81B5BC61749F69F00279D32 /* ECAppDelegate.m */ = {isa = PBXFileReference; lastKnownFileType = sourcecode.c.objc; path = ECAppDelegate.m; sourceTree = "<group>"; };
		F81B5BC81749F69F00279D32 /* Default.png */ = {isa = PBXFileReference; lastKnownFileType = image.png; path = Default.png; sourceTree = "<group>"; };
		F81B5BCA1749F69F00279D32 /* Default@2x.png */ = {isa = PBXFileReference; lastKnownFileType = image.png; path = "Default@2x.png"; sourceTree = "<group>"; };
		F81B5BCC1749F69F00279D32 /* Default-568h@2x.png */ = {isa = PBXFileReference; lastKnownFileType = image.png; path = "Default-568h@2x.png"; sourceTree = "<group>"; };
		F81B5BDA1749F72D00279D32 /* zh-Hans */ = {isa = PBXFileReference; lastKnownFileType = text.plist.strings; name = "zh-Hans"; path = "zh-Hans.lproj/InfoPlist.strings"; sourceTree = "<group>"; };
		F81B5BDB1749F72D00279D32 /* zh-Hans */ = {isa = PBXFileReference; lastKnownFileType = text.plist.strings; name = "zh-Hans"; path = "zh-Hans.lproj/Localizable.strings"; sourceTree = "<group>"; };
		F84CA24B174A081F000E368D /* CommonToolkitBundle.bundle */ = {isa = PBXFileReference; lastKnownFileType = "wrapper.plug-in"; path = CommonToolkitBundle.bundle; sourceTree = "<group>"; };
		F84CA24C174A081F000E368D /* Pinyin4jBundle.bundle */ = {isa = PBXFileReference; lastKnownFileType = "wrapper.plug-in"; path = Pinyin4jBundle.bundle; sourceTree = "<group>"; };
		F84CA250174A0C04000E368D /* ECBaseUIView.h */ = {isa = PBXFileReference; fileEncoding = 4; lastKnownFileType = sourcecode.c.h; name = ECBaseUIView.h; path = AppViews/ECBaseUIView.h; sourceTree = "<group>"; };
		F84CA251174A0C04000E368D /* ECBaseUIView.m */ = {isa = PBXFileReference; fileEncoding = 4; lastKnownFileType = sourcecode.c.objc; name = ECBaseUIView.m; path = AppViews/ECBaseUIView.m; sourceTree = "<group>"; };
		F84CA254174A125A000E368D /* ECConstants.h */ = {isa = PBXFileReference; fileEncoding = 4; lastKnownFileType = sourcecode.c.h; name = ECConstants.h; path = Config/ECConstants.h; sourceTree = "<group>"; };
		F84CA255174A125A000E368D /* ECUrlConfig.h */ = {isa = PBXFileReference; fileEncoding = 4; lastKnownFileType = sourcecode.c.h; name = ECUrlConfig.h; path = Config/ECUrlConfig.h; sourceTree = "<group>"; };
		F877815E174CB9CA00B9909D /* UserBean+UUTalk.h */ = {isa = PBXFileReference; fileEncoding = 4; lastKnownFileType = sourcecode.c.h; name = "UserBean+UUTalk.h"; path = "AppViews/System/User/UserBean+UUTalk.h"; sourceTree = "<group>"; };
		F877815F174CB9CA00B9909D /* UserBean+UUTalk.m */ = {isa = PBXFileReference; fileEncoding = 4; lastKnownFileType = sourcecode.c.objc; name = "UserBean+UUTalk.m"; path = "AppViews/System/User/UserBean+UUTalk.m"; sourceTree = "<group>"; };
		F8778161174CC92F00B9909D /* ECConfig.h */ = {isa = PBXFileReference; fileEncoding = 4; lastKnownFileType = sourcecode.c.h; name = ECConfig.h; path = Config/ECConfig.h; sourceTree = "<group>"; };
		F87AC84B174B50A400CA8A2B /* ECLoginViewController.h */ = {isa = PBXFileReference; fileEncoding = 4; lastKnownFileType = sourcecode.c.h; name = ECLoginViewController.h; path = AppViews/System/Login/ECLoginViewController.h; sourceTree = "<group>"; };
		F87AC84C174B50A400CA8A2B /* ECLoginViewController.m */ = {isa = PBXFileReference; fileEncoding = 4; lastKnownFileType = sourcecode.c.objc; name = ECLoginViewController.m; path = AppViews/System/Login/ECLoginViewController.m; sourceTree = "<group>"; };
		F87AC84E174B50E200CA8A2B /* ECLoginView.h */ = {isa = PBXFileReference; fileEncoding = 4; lastKnownFileType = sourcecode.c.h; name = ECLoginView.h; path = AppViews/System/Login/ECLoginView.h; sourceTree = "<group>"; };
		F87AC84F174B50E200CA8A2B /* ECLoginView.m */ = {isa = PBXFileReference; fileEncoding = 4; lastKnownFileType = sourcecode.c.objc; name = ECLoginView.m; path = AppViews/System/Login/ECLoginView.m; sourceTree = "<group>"; };
		F87AC859174B5E7B00CA8A2B /* CommonToolkit.framework */ = {isa = PBXFileReference; lastKnownFileType = wrapper.framework; name = CommonToolkit.framework; path = Frameworks/CommonToolkit.framework; sourceTree = "<group>"; };
		F87AC85B174B640F00CA8A2B /* AddressBook.framework */ = {isa = PBXFileReference; lastKnownFileType = wrapper.framework; name = AddressBook.framework; path = System/Library/Frameworks/AddressBook.framework; sourceTree = SDKROOT; };
		F87AC85D174B642A00CA8A2B /* CFNetwork.framework */ = {isa = PBXFileReference; lastKnownFileType = wrapper.framework; name = CFNetwork.framework; path = System/Library/Frameworks/CFNetwork.framework; sourceTree = SDKROOT; };
		F87AC85F174B645A00CA8A2B /* QuartzCore.framework */ = {isa = PBXFileReference; lastKnownFileType = wrapper.framework; name = QuartzCore.framework; path = System/Library/Frameworks/QuartzCore.framework; sourceTree = SDKROOT; };
		F87AC861174B646A00CA8A2B /* CoreText.framework */ = {isa = PBXFileReference; lastKnownFileType = wrapper.framework; name = CoreText.framework; path = System/Library/Frameworks/CoreText.framework; sourceTree = SDKROOT; };
		F87AC863174B647A00CA8A2B /* CoreTelephony.framework */ = {isa = PBXFileReference; lastKnownFileType = wrapper.framework; name = CoreTelephony.framework; path = System/Library/Frameworks/CoreTelephony.framework; sourceTree = SDKROOT; };
		F87AC865174B648B00CA8A2B /* MessageUI.framework */ = {isa = PBXFileReference; lastKnownFileType = wrapper.framework; name = MessageUI.framework; path = System/Library/Frameworks/MessageUI.framework; sourceTree = SDKROOT; };
		F87AC867174B649E00CA8A2B /* SystemConfiguration.framework */ = {isa = PBXFileReference; lastKnownFileType = wrapper.framework; name = SystemConfiguration.framework; path = System/Library/Frameworks/SystemConfiguration.framework; sourceTree = SDKROOT; };
		F87AC869174B64B900CA8A2B /* MobileCoreServices.framework */ = {isa = PBXFileReference; lastKnownFileType = wrapper.framework; name = MobileCoreServices.framework; path = System/Library/Frameworks/MobileCoreServices.framework; sourceTree = SDKROOT; };
		F87AC86B174B64C900CA8A2B /* libbz2.1.0.dylib */ = {isa = PBXFileReference; lastKnownFileType = "compiled.mach-o.dylib"; name = libbz2.1.0.dylib; path = usr/lib/libbz2.1.0.dylib; sourceTree = SDKROOT; };
		F87AC86D174B64DA00CA8A2B /* libz.1.2.5.dylib */ = {isa = PBXFileReference; lastKnownFileType = "compiled.mach-o.dylib"; name = libz.1.2.5.dylib; path = usr/lib/libz.1.2.5.dylib; sourceTree = SDKROOT; };
		F87AC86F174B64F000CA8A2B /* libicucore.dylib */ = {isa = PBXFileReference; lastKnownFileType = "compiled.mach-o.dylib"; name = libicucore.dylib; path = usr/lib/libicucore.dylib; sourceTree = SDKROOT; };
		F87AC872174B69FD00CA8A2B /* bg.png */ = {isa = PBXFileReference; lastKnownFileType = image.png; name = bg.png; path = common/bg.png; sourceTree = "<group>"; };
		F87AC873174B69FD00CA8A2B /* bg-568h@2x.png */ = {isa = PBXFileReference; lastKnownFileType = image.png; name = "bg-568h@2x.png"; path = "common/bg-568h@2x.png"; sourceTree = "<group>"; };
		F87AC874174B69FD00CA8A2B /* bg@2x.png */ = {isa = PBXFileReference; lastKnownFileType = image.png; name = "bg@2x.png"; path = "common/bg@2x.png"; sourceTree = "<group>"; };
		F8C973C4174C75450066F37E /* btn_green.png */ = {isa = PBXFileReference; lastKnownFileType = image.png; name = btn_green.png; path = common/btn_green.png; sourceTree = "<group>"; };
		F8C973C8174CA5EA0066F37E /* lock.png */ = {isa = PBXFileReference; lastKnownFileType = image.png; name = lock.png; path = login/lock.png; sourceTree = "<group>"; };
		F8DCB9E317530E4A00DF8C78 /* btn_dark_green.png */ = {isa = PBXFileReference; lastKnownFileType = image.png; name = btn_dark_green.png; path = common/btn_dark_green.png; sourceTree = "<group>"; };
		F8F656CD174DF73200803E4E /* ECMainTabController.h */ = {isa = PBXFileReference; fileEncoding = 4; lastKnownFileType = sourcecode.c.h; name = ECMainTabController.h; path = AppViews/MainPage/ECMainTabController.h; sourceTree = "<group>"; };
		F8F656CE174DF73200803E4E /* ECMainTabController.m */ = {isa = PBXFileReference; fileEncoding = 4; lastKnownFileType = sourcecode.c.objc; name = ECMainTabController.m; path = AppViews/MainPage/ECMainTabController.m; sourceTree = "<group>"; };
		F8F656D2174DF7ED00803E4E /* ECSettingViewController.h */ = {isa = PBXFileReference; fileEncoding = 4; lastKnownFileType = sourcecode.c.h; name = ECSettingViewController.h; path = AppViews/Settings/ECSettingViewController.h; sourceTree = "<group>"; };
		F8F656D3174DF7ED00803E4E /* ECSettingViewController.m */ = {isa = PBXFileReference; fileEncoding = 4; lastKnownFileType = sourcecode.c.objc; name = ECSettingViewController.m; path = AppViews/Settings/ECSettingViewController.m; sourceTree = "<group>"; };
		F8F656D6174DFB4900803E4E /* tab_more@2x.png */ = {isa = PBXFileReference; lastKnownFileType = image.png; name = "tab_more@2x.png"; path = "mainpage/tab_more@2x.png"; sourceTree = "<group>"; };
		F8F656D8174DFE1000803E4E /* tab_more.png */ = {isa = PBXFileReference; lastKnownFileType = image.png; name = tab_more.png; path = mainpage/tab_more.png; sourceTree = "<group>"; };
		F8F656DB174DFF3100803E4E /* ECDialContentViewController.h */ = {isa = PBXFileReference; fileEncoding = 4; lastKnownFileType = sourcecode.c.h; name = ECDialContentViewController.h; path = AppViews/Dial/ECDialContentViewController.h; sourceTree = "<group>"; };
		F8F656DC174DFF3100803E4E /* ECDialContentViewController.m */ = {isa = PBXFileReference; fileEncoding = 4; lastKnownFileType = sourcecode.c.objc; name = ECDialContentViewController.m; path = AppViews/Dial/ECDialContentViewController.m; sourceTree = "<group>"; };
		F8F656DE174E035C00803E4E /* tab_dial.png */ = {isa = PBXFileReference; lastKnownFileType = image.png; name = tab_dial.png; path = mainpage/tab_dial.png; sourceTree = "<group>"; };
		F8F656DF174E035D00803E4E /* tab_dial@2x.png */ = {isa = PBXFileReference; lastKnownFileType = image.png; name = "tab_dial@2x.png"; path = "mainpage/tab_dial@2x.png"; sourceTree = "<group>"; };
		F8F656E3174E08AB00803E4E /* ECRegisterViewController.h */ = {isa = PBXFileReference; fileEncoding = 4; lastKnownFileType = sourcecode.c.h; name = ECRegisterViewController.h; path = AppViews/System/Register/ECRegisterViewController.h; sourceTree = "<group>"; };
		F8F656E4174E08AB00803E4E /* ECRegisterViewController.m */ = {isa = PBXFileReference; fileEncoding = 4; lastKnownFileType = sourcecode.c.objc; name = ECRegisterViewController.m; path = AppViews/System/Register/ECRegisterViewController.m; sourceTree = "<group>"; };
		F8F656E6174E08C500803E4E /* ECRegisterView.h */ = {isa = PBXFileReference; fileEncoding = 4; lastKnownFileType = sourcecode.c.h; name = ECRegisterView.h; path = AppViews/System/Register/ECRegisterView.h; sourceTree = "<group>"; };
		F8F656E7174E08C500803E4E /* ECRegisterView.m */ = {isa = PBXFileReference; fileEncoding = 4; lastKnownFileType = sourcecode.c.objc; name = ECRegisterView.m; path = AppViews/System/Register/ECRegisterView.m; sourceTree = "<group>"; };
/* End PBXFileReference section */

/* Begin PBXFrameworksBuildPhase section */
		F81B5BAF1749F69F00279D32 /* Frameworks */ = {
			isa = PBXFrameworksBuildPhase;
			buildActionMask = 2147483647;
			files = (
				F87AC871174B650600CA8A2B /* libicucore.dylib in Frameworks */,
				F87AC86E174B64DA00CA8A2B /* libz.1.2.5.dylib in Frameworks */,
				F87AC86C174B64C900CA8A2B /* libbz2.1.0.dylib in Frameworks */,
				F87AC86A174B64B900CA8A2B /* MobileCoreServices.framework in Frameworks */,
				F87AC868174B649E00CA8A2B /* SystemConfiguration.framework in Frameworks */,
				F87AC864174B647A00CA8A2B /* CoreTelephony.framework in Frameworks */,
				F87AC862174B646A00CA8A2B /* CoreText.framework in Frameworks */,
				F87AC860174B645A00CA8A2B /* QuartzCore.framework in Frameworks */,
				F81B5BBB1749F69F00279D32 /* CoreGraphics.framework in Frameworks */,
				F87AC85E174B642A00CA8A2B /* CFNetwork.framework in Frameworks */,
				F87AC85C174B640F00CA8A2B /* AddressBook.framework in Frameworks */,
				F87AC85A174B5E7B00CA8A2B /* CommonToolkit.framework in Frameworks */,
				F81B5BB71749F69F00279D32 /* UIKit.framework in Frameworks */,
				F81B5BB91749F69F00279D32 /* Foundation.framework in Frameworks */,
			);
			runOnlyForDeploymentPostprocessing = 0;
		};
/* End PBXFrameworksBuildPhase section */

/* Begin PBXGroup section */
		F80ADCAC17549DFB000B523A /* setting */ = {
			isa = PBXGroup;
			children = (
				F80ADCAD17549E0A000B523A /* changepsw.png */,
				F80ADCAE17549E0A000B523A /* charge.png */,
				F80ADCAF17549E0A000B523A /* getpsw.png */,
				F80ADCB017549E0A000B523A /* menuexit.png */,
				F80ADCB117549E0A000B523A /* money.png */,
				F80ADCB217549E0A000B523A /* search_remainmoney.png */,
				F80ADCB317549E0A000B523A /* setauthnumber.png */,
				F80ADCB417549E0A000B523A /* setting_countrycode.png */,
				F80ADCB517549E0A000B523A /* setting_dial.png */,
				F80ADCB617549E0A000B523A /* setting_setup.png */,
				F80ADCB717549E0A000B523A /* suite.png */,
				F80ADCB917549E0A000B523A /* zifeichaxun.png */,
			);
			name = setting;
			sourceTree = "<group>";
		};
		F811A65B1755D6B100FCDC0C /* MoneyGain */ = {
			isa = PBXGroup;
			children = (
				F811A65C1755D8A600FCDC0C /* ECMoneyGainView.h */,
				F811A65D1755D8A600FCDC0C /* ECMoneyGainView.m */,
				F811A65F1755D8BE00FCDC0C /* ECMoneyGainViewController.h */,
				F811A6601755D8BE00FCDC0C /* ECMoneyGainViewController.m */,
			);
			name = MoneyGain;
			sourceTree = "<group>";
		};
		F81297CD174F6C72002487A2 /* Util */ = {
			isa = PBXGroup;
			children = (
				F81297D2174F6CB1002487A2 /* CountryCodeManager.h */,
				F81297D3174F6CB1002487A2 /* CountryCodeManager.m */,
			);
			name = Util;
			sourceTree = "<group>";
		};
		F81B5BA71749F69F00279D32 = {
			isa = PBXGroup;
			children = (
				F87AC859174B5E7B00CA8A2B /* CommonToolkit.framework */,
				F84CA249174A081F000E368D /* Resources */,
				F81B5BBC1749F69F00279D32 /* uutalk_iphone */,
				F81B5BB51749F69F00279D32 /* Frameworks */,
				F81B5BB31749F69F00279D32 /* Products */,
			);
			sourceTree = "<group>";
		};
		F81B5BB31749F69F00279D32 /* Products */ = {
			isa = PBXGroup;
			children = (
				F81B5BB21749F69F00279D32 /* uutalk_iphone.app */,
			);
			name = Products;
			sourceTree = "<group>";
		};
		F81B5BB51749F69F00279D32 /* Frameworks */ = {
			isa = PBXGroup;
			children = (
				F87AC86F174B64F000CA8A2B /* libicucore.dylib */,
				F87AC86D174B64DA00CA8A2B /* libz.1.2.5.dylib */,
				F87AC86B174B64C900CA8A2B /* libbz2.1.0.dylib */,
				F87AC869174B64B900CA8A2B /* MobileCoreServices.framework */,
				F87AC867174B649E00CA8A2B /* SystemConfiguration.framework */,
				F87AC865174B648B00CA8A2B /* MessageUI.framework */,
				F87AC863174B647A00CA8A2B /* CoreTelephony.framework */,
				F87AC861174B646A00CA8A2B /* CoreText.framework */,
				F87AC85F174B645A00CA8A2B /* QuartzCore.framework */,
				F87AC85D174B642A00CA8A2B /* CFNetwork.framework */,
				F87AC85B174B640F00CA8A2B /* AddressBook.framework */,
				F81B5BB61749F69F00279D32 /* UIKit.framework */,
				F81B5BB81749F69F00279D32 /* Foundation.framework */,
				F81B5BBA1749F69F00279D32 /* CoreGraphics.framework */,
			);
			name = Frameworks;
			sourceTree = "<group>";
		};
		F81B5BBC1749F69F00279D32 /* uutalk_iphone */ = {
			isa = PBXGroup;
			children = (
				F81297CD174F6C72002487A2 /* Util */,
				F84CA253174A123B000E368D /* Config */,
				F84CA24F174A08AA000E368D /* AppViews */,
				F81B5BC51749F69F00279D32 /* ECAppDelegate.h */,
				F81B5BC61749F69F00279D32 /* ECAppDelegate.m */,
				F81B5BBD1749F69F00279D32 /* Supporting Files */,
			);
			path = uutalk_iphone;
			sourceTree = "<group>";
		};
		F81B5BBD1749F69F00279D32 /* Supporting Files */ = {
			isa = PBXGroup;
			children = (
				F81B5BBE1749F69F00279D32 /* uutalk_iphone-Info.plist */,
				F81B5BBF1749F69F00279D32 /* InfoPlist.strings */,
				F81B5BC21749F69F00279D32 /* main.m */,
				F81B5BC41749F69F00279D32 /* uutalk_iphone-Prefix.pch */,
				F81B5BC81749F69F00279D32 /* Default.png */,
				F81B5BCA1749F69F00279D32 /* Default@2x.png */,
				F81B5BCC1749F69F00279D32 /* Default-568h@2x.png */,
				F81B5BD71749F6CD00279D32 /* Localizable.strings */,
			);
			name = "Supporting Files";
			sourceTree = "<group>";
		};
		F84CA249174A081F000E368D /* Resources */ = {
			isa = PBXGroup;
			children = (
				F80ADCAC17549DFB000B523A /* setting */,
				F8F656D5174DFB1900803E4E /* mainpage */,
				F8C973C7174CA5CF0066F37E /* login */,
				F87AC851174B5AFE00CA8A2B /* common */,
				F84CA24A174A081F000E368D /* bundles */,
			);
			name = Resources;
			path = uutalk_iphone/Resources;
			sourceTree = "<group>";
		};
		F84CA24A174A081F000E368D /* bundles */ = {
			isa = PBXGroup;
			children = (
				F84CA24B174A081F000E368D /* CommonToolkitBundle.bundle */,
				F84CA24C174A081F000E368D /* Pinyin4jBundle.bundle */,
			);
			path = bundles;
			sourceTree = "<group>";
		};
		F84CA24F174A08AA000E368D /* AppViews */ = {
			isa = PBXGroup;
			children = (
				F8F656DA174DFE5F00803E4E /* Dial */,
				F8F656D1174DF79000803E4E /* Settings */,
				F8F656CB174DF6B400803E4E /* MainPage */,
				F87AC848174B500A00CA8A2B /* System */,
				F84CA250174A0C04000E368D /* ECBaseUIView.h */,
				F84CA251174A0C04000E368D /* ECBaseUIView.m */,
			);
			name = AppViews;
			sourceTree = "<group>";
		};
		F84CA253174A123B000E368D /* Config */ = {
			isa = PBXGroup;
			children = (
				F84CA254174A125A000E368D /* ECConstants.h */,
				F84CA255174A125A000E368D /* ECUrlConfig.h */,
				F8778161174CC92F00B9909D /* ECConfig.h */,
			);
			name = Config;
			sourceTree = "<group>";
		};
		F877815C174CB99100B9909D /* User */ = {
			isa = PBXGroup;
			children = (
				F877815E174CB9CA00B9909D /* UserBean+UUTalk.h */,
				F877815F174CB9CA00B9909D /* UserBean+UUTalk.m */,
			);
			name = User;
			sourceTree = "<group>";
		};
		F87AC848174B500A00CA8A2B /* System */ = {
			isa = PBXGroup;
			children = (
				F8F656E2174E083900803E4E /* Register */,
				F877815C174CB99100B9909D /* User */,
				F87AC84A174B501200CA8A2B /* Login */,
			);
			name = System;
			sourceTree = "<group>";
		};
		F87AC84A174B501200CA8A2B /* Login */ = {
			isa = PBXGroup;
			children = (
				F87AC84B174B50A400CA8A2B /* ECLoginViewController.h */,
				F87AC84C174B50A400CA8A2B /* ECLoginViewController.m */,
				F87AC84E174B50E200CA8A2B /* ECLoginView.h */,
				F87AC84F174B50E200CA8A2B /* ECLoginView.m */,
			);
			name = Login;
			sourceTree = "<group>";
		};
		F87AC851174B5AFE00CA8A2B /* common */ = {
			isa = PBXGroup;
			children = (
				F80ADCAA17549D73000B523A /* uutalk@2x.png */,
				F80ADCA817549D6D000B523A /* uutalk.png */,
				F80ADCA61754953F000B523A /* into_icon.png */,
				F8DCB9E317530E4A00DF8C78 /* btn_dark_green.png */,
				F8C973C4174C75450066F37E /* btn_green.png */,
				F87AC872174B69FD00CA8A2B /* bg.png */,
				F87AC873174B69FD00CA8A2B /* bg-568h@2x.png */,
				F87AC874174B69FD00CA8A2B /* bg@2x.png */,
			);
			name = common;
			sourceTree = "<group>";
		};
		F8C973C7174CA5CF0066F37E /* login */ = {
			isa = PBXGroup;
			children = (
				F8C973C8174CA5EA0066F37E /* lock.png */,
			);
			name = login;
			sourceTree = "<group>";
		};
		F8F656CB174DF6B400803E4E /* MainPage */ = {
			isa = PBXGroup;
			children = (
				F8F656CD174DF73200803E4E /* ECMainTabController.h */,
				F8F656CE174DF73200803E4E /* ECMainTabController.m */,
			);
			name = MainPage;
			sourceTree = "<group>";
		};
		F8F656D1174DF79000803E4E /* Settings */ = {
			isa = PBXGroup;
			children = (
				F811A65B1755D6B100FCDC0C /* MoneyGain */,
				F8F656D2174DF7ED00803E4E /* ECSettingViewController.h */,
				F8F656D3174DF7ED00803E4E /* ECSettingViewController.m */,
				F80ADCA317544F52000B523A /* ECSettingView.h */,
				F80ADCA417544F52000B523A /* ECSettingView.m */,
			);
			name = Settings;
			sourceTree = "<group>";
		};
		F8F656D5174DFB1900803E4E /* mainpage */ = {
			isa = PBXGroup;
			children = (
				F8F656DE174E035C00803E4E /* tab_dial.png */,
				F8F656DF174E035D00803E4E /* tab_dial@2x.png */,
				F8F656D8174DFE1000803E4E /* tab_more.png */,
				F8F656D6174DFB4900803E4E /* tab_more@2x.png */,
			);
			name = mainpage;
			sourceTree = "<group>";
		};
		F8F656DA174DFE5F00803E4E /* Dial */ = {
			isa = PBXGroup;
			children = (
				F8F656DB174DFF3100803E4E /* ECDialContentViewController.h */,
				F8F656DC174DFF3100803E4E /* ECDialContentViewController.m */,
			);
			name = Dial;
			sourceTree = "<group>";
		};
		F8F656E2174E083900803E4E /* Register */ = {
			isa = PBXGroup;
			children = (
				F8F656E3174E08AB00803E4E /* ECRegisterViewController.h */,
				F8F656E4174E08AB00803E4E /* ECRegisterViewController.m */,
				F8F656E6174E08C500803E4E /* ECRegisterView.h */,
				F8F656E7174E08C500803E4E /* ECRegisterView.m */,
			);
			name = Register;
			sourceTree = "<group>";
		};
/* End PBXGroup section */

/* Begin PBXNativeTarget section */
		F81B5BB11749F69F00279D32 /* uutalk_iphone */ = {
			isa = PBXNativeTarget;
			buildConfigurationList = F81B5BD01749F69F00279D32 /* Build configuration list for PBXNativeTarget "uutalk_iphone" */;
			buildPhases = (
				F81B5BAE1749F69F00279D32 /* Sources */,
				F81B5BAF1749F69F00279D32 /* Frameworks */,
				F81B5BB01749F69F00279D32 /* Resources */,
			);
			buildRules = (
			);
			dependencies = (
			);
			name = uutalk_iphone;
			productName = uutalk_iphone;
			productReference = F81B5BB21749F69F00279D32 /* uutalk_iphone.app */;
			productType = "com.apple.product-type.application";
		};
/* End PBXNativeTarget section */

/* Begin PBXProject section */
		F81B5BA91749F69F00279D32 /* Project object */ = {
			isa = PBXProject;
			attributes = {
				CLASSPREFIX = EC;
				LastUpgradeCheck = 0450;
				ORGANIZATIONNAME = "king star";
			};
			buildConfigurationList = F81B5BAC1749F69F00279D32 /* Build configuration list for PBXProject "uutalk_iphone" */;
			compatibilityVersion = "Xcode 3.2";
			developmentRegion = English;
			hasScannedForEncodings = 0;
			knownRegions = (
				en,
				"zh-Hans",
			);
			mainGroup = F81B5BA71749F69F00279D32;
			productRefGroup = F81B5BB31749F69F00279D32 /* Products */;
			projectDirPath = "";
			projectRoot = "";
			targets = (
				F81B5BB11749F69F00279D32 /* uutalk_iphone */,
			);
		};
/* End PBXProject section */

/* Begin PBXResourcesBuildPhase section */
		F81B5BB01749F69F00279D32 /* Resources */ = {
			isa = PBXResourcesBuildPhase;
			buildActionMask = 2147483647;
			files = (
				F81B5BC11749F69F00279D32 /* InfoPlist.strings in Resources */,
				F81B5BC91749F69F00279D32 /* Default.png in Resources */,
				F81B5BCB1749F69F00279D32 /* Default@2x.png in Resources */,
				F81B5BCD1749F69F00279D32 /* Default-568h@2x.png in Resources */,
				F81B5BD51749F6CD00279D32 /* Localizable.strings in Resources */,
				F84CA24D174A081F000E368D /* CommonToolkitBundle.bundle in Resources */,
				F84CA24E174A081F000E368D /* Pinyin4jBundle.bundle in Resources */,
				F87AC875174B69FD00CA8A2B /* bg.png in Resources */,
				F87AC876174B69FD00CA8A2B /* bg-568h@2x.png in Resources */,
				F87AC877174B69FD00CA8A2B /* bg@2x.png in Resources */,
				F8C973C5174C75450066F37E /* btn_green.png in Resources */,
				F8C973C9174CA5EA0066F37E /* lock.png in Resources */,
				F8F656D7174DFB4900803E4E /* tab_more@2x.png in Resources */,
				F8F656D9174DFE1000803E4E /* tab_more.png in Resources */,
				F8F656E0174E035D00803E4E /* tab_dial.png in Resources */,
				F8F656E1174E035D00803E4E /* tab_dial@2x.png in Resources */,
				F8DCB9E417530E4A00DF8C78 /* btn_dark_green.png in Resources */,
				F80ADCA71754953F000B523A /* into_icon.png in Resources */,
				F80ADCA917549D6D000B523A /* uutalk.png in Resources */,
				F80ADCAB17549D73000B523A /* uutalk@2x.png in Resources */,
				F80ADCBA17549E0A000B523A /* changepsw.png in Resources */,
				F80ADCBB17549E0A000B523A /* charge.png in Resources */,
				F80ADCBC17549E0A000B523A /* getpsw.png in Resources */,
				F80ADCBD17549E0A000B523A /* menuexit.png in Resources */,
				F80ADCBE17549E0A000B523A /* money.png in Resources */,
				F80ADCBF17549E0A000B523A /* search_remainmoney.png in Resources */,
				F80ADCC017549E0A000B523A /* setauthnumber.png in Resources */,
				F80ADCC117549E0A000B523A /* setting_countrycode.png in Resources */,
				F80ADCC217549E0A000B523A /* setting_dial.png in Resources */,
				F80ADCC317549E0A000B523A /* setting_setup.png in Resources */,
				F80ADCC417549E0A000B523A /* suite.png in Resources */,
				F80ADCC617549E0A000B523A /* zifeichaxun.png in Resources */,
			);
			runOnlyForDeploymentPostprocessing = 0;
		};
/* End PBXResourcesBuildPhase section */

/* Begin PBXSourcesBuildPhase section */
		F81B5BAE1749F69F00279D32 /* Sources */ = {
			isa = PBXSourcesBuildPhase;
			buildActionMask = 2147483647;
			files = (
				F81B5BC31749F69F00279D32 /* main.m in Sources */,
				F81B5BC71749F69F00279D32 /* ECAppDelegate.m in Sources */,
				F84CA252174A0C04000E368D /* ECBaseUIView.m in Sources */,
				F87AC84D174B50A400CA8A2B /* ECLoginViewController.m in Sources */,
				F87AC850174B50E200CA8A2B /* ECLoginView.m in Sources */,
				F8778160174CB9CA00B9909D /* UserBean+UUTalk.m in Sources */,
				F8F656CF174DF73200803E4E /* ECMainTabController.m in Sources */,
				F8F656D4174DF7ED00803E4E /* ECSettingViewController.m in Sources */,
				F8F656DD174DFF3100803E4E /* ECDialContentViewController.m in Sources */,
				F8F656E5174E08AB00803E4E /* ECRegisterViewController.m in Sources */,
				F8F656E8174E08C500803E4E /* ECRegisterView.m in Sources */,
				F81297D4174F6CB1002487A2 /* CountryCodeManager.m in Sources */,
				F80ADCA517544F52000B523A /* ECSettingView.m in Sources */,
				F811A65E1755D8A600FCDC0C /* ECMoneyGainView.m in Sources */,
				F811A6611755D8BE00FCDC0C /* ECMoneyGainViewController.m in Sources */,
			);
			runOnlyForDeploymentPostprocessing = 0;
		};
/* End PBXSourcesBuildPhase section */

/* Begin PBXVariantGroup section */
		F81B5BBF1749F69F00279D32 /* InfoPlist.strings */ = {
			isa = PBXVariantGroup;
			children = (
				F81B5BDA1749F72D00279D32 /* zh-Hans */,
			);
			name = InfoPlist.strings;
			sourceTree = "<group>";
		};
		F81B5BD71749F6CD00279D32 /* Localizable.strings */ = {
			isa = PBXVariantGroup;
			children = (
				F81B5BDB1749F72D00279D32 /* zh-Hans */,
			);
			name = Localizable.strings;
			sourceTree = "<group>";
		};
/* End PBXVariantGroup section */

/* Begin XCBuildConfiguration section */
		F81B5BCE1749F69F00279D32 /* Debug */ = {
			isa = XCBuildConfiguration;
			buildSettings = {
				ALWAYS_SEARCH_USER_PATHS = NO;
				CLANG_CXX_LANGUAGE_STANDARD = "gnu++0x";
				CLANG_CXX_LIBRARY = "libc++";
				CLANG_ENABLE_OBJC_ARC = YES;
				CLANG_WARN_EMPTY_BODY = YES;
				CLANG_WARN__DUPLICATE_METHOD_MATCH = YES;
				"CODE_SIGN_IDENTITY[sdk=iphoneos*]" = "iPhone Developer";
				COPY_PHASE_STRIP = NO;
				GCC_C_LANGUAGE_STANDARD = gnu99;
				GCC_DYNAMIC_NO_PIC = NO;
				GCC_OPTIMIZATION_LEVEL = 0;
				GCC_PREPROCESSOR_DEFINITIONS = (
					"DEBUG=1",
					"$(inherited)",
				);
				GCC_SYMBOLS_PRIVATE_EXTERN = NO;
				GCC_WARN_ABOUT_RETURN_TYPE = YES;
				GCC_WARN_UNINITIALIZED_AUTOS = YES;
				GCC_WARN_UNUSED_VARIABLE = YES;
				IPHONEOS_DEPLOYMENT_TARGET = 6.0;
				SDKROOT = iphoneos;
			};
			name = Debug;
		};
		F81B5BCF1749F69F00279D32 /* Release */ = {
			isa = XCBuildConfiguration;
			buildSettings = {
				ALWAYS_SEARCH_USER_PATHS = NO;
				CLANG_CXX_LANGUAGE_STANDARD = "gnu++0x";
				CLANG_CXX_LIBRARY = "libc++";
				CLANG_ENABLE_OBJC_ARC = YES;
				CLANG_WARN_EMPTY_BODY = YES;
				CLANG_WARN__DUPLICATE_METHOD_MATCH = YES;
				"CODE_SIGN_IDENTITY[sdk=iphoneos*]" = "iPhone Developer";
				COPY_PHASE_STRIP = YES;
				GCC_C_LANGUAGE_STANDARD = gnu99;
				GCC_WARN_ABOUT_RETURN_TYPE = YES;
				GCC_WARN_UNINITIALIZED_AUTOS = YES;
				GCC_WARN_UNUSED_VARIABLE = YES;
				IPHONEOS_DEPLOYMENT_TARGET = 6.0;
				OTHER_CFLAGS = "-DNS_BLOCK_ASSERTIONS=1";
				SDKROOT = iphoneos;
				VALIDATE_PRODUCT = YES;
			};
			name = Release;
		};
		F81B5BD11749F69F00279D32 /* Debug */ = {
			isa = XCBuildConfiguration;
			buildSettings = {
				FRAMEWORK_SEARCH_PATHS = (
					"$(inherited)",
					"\"$(SRCROOT)/Frameworks\"",
				);
				GCC_PRECOMPILE_PREFIX_HEADER = YES;
				GCC_PREFIX_HEADER = "uutalk_iphone/uutalk_iphone-Prefix.pch";
				INFOPLIST_FILE = "uutalk_iphone/uutalk_iphone-Info.plist";
				IPHONEOS_DEPLOYMENT_TARGET = 5.0;
				PRODUCT_NAME = "$(TARGET_NAME)";
				WRAPPER_EXTENSION = app;
			};
			name = Debug;
		};
		F81B5BD21749F69F00279D32 /* Release */ = {
			isa = XCBuildConfiguration;
			buildSettings = {
				FRAMEWORK_SEARCH_PATHS = (
					"$(inherited)",
					"\"$(SRCROOT)/Frameworks\"",
				);
				GCC_PRECOMPILE_PREFIX_HEADER = YES;
				GCC_PREFIX_HEADER = "uutalk_iphone/uutalk_iphone-Prefix.pch";
				INFOPLIST_FILE = "uutalk_iphone/uutalk_iphone-Info.plist";
				IPHONEOS_DEPLOYMENT_TARGET = 5.0;
				PRODUCT_NAME = "$(TARGET_NAME)";
				WRAPPER_EXTENSION = app;
			};
			name = Release;
		};
/* End XCBuildConfiguration section */

/* Begin XCConfigurationList section */
		F81B5BAC1749F69F00279D32 /* Build configuration list for PBXProject "uutalk_iphone" */ = {
			isa = XCConfigurationList;
			buildConfigurations = (
				F81B5BCE1749F69F00279D32 /* Debug */,
				F81B5BCF1749F69F00279D32 /* Release */,
			);
			defaultConfigurationIsVisible = 0;
			defaultConfigurationName = Release;
		};
		F81B5BD01749F69F00279D32 /* Build configuration list for PBXNativeTarget "uutalk_iphone" */ = {
			isa = XCConfigurationList;
			buildConfigurations = (
				F81B5BD11749F69F00279D32 /* Debug */,
				F81B5BD21749F69F00279D32 /* Release */,
			);
			defaultConfigurationIsVisible = 0;
			defaultConfigurationName = Release;
		};
/* End XCConfigurationList section */
	};
	rootObject = F81B5BA91749F69F00279D32 /* Project object */;
}
